
Microsoft Visual Studio Solution File, Format Version 12.00
# Visual Studio Version 16
VisualStudioVersion = 16.0.31515.178
MinimumVisualStudioVersion = 10.0.40219.1
Project("{FAE04EC0-301F-11D3-BF4B-00C04F79EFBC}") = "ProjectIdentity", "ProjectIdentity.csproj", "{B3D63892-5655-48B8-A589-EF7A0CE23658}"
EndProject
Global
	GlobalSection(SolutionConfigurationPlatforms) = preSolution
		Debug|Any CPU = Debug|Any CPU
		Release|Any CPU = Release|Any CPU
	EndGlobalSection
	GlobalSection(ProjectConfigurationPlatforms) = postSolution
		{B3D63892-5655-48B8-A589-EF7A0CE23658}.Debug|Any CPU.ActiveCfg = Debug|Any CPU
		{B3D63892-5655-48B8-A589-EF7A0CE23658}.Debug|Any CPU.Build.0 = Debug|Any CPU
		{B3D63892-5655-48B8-A589-EF7A0CE23658}.Release|Any CPU.ActiveCfg = Release|Any CPU
		{B3D63892-5655-48B8-A589-EF7A0CE23658}.Release|Any CPU.Build.0 = Release|Any CPU
	EndGlobalSection
	GlobalSection(SolutionProperties) = preSolution
		HideSolutionNode = FALSE
	EndGlobalSection
	GlobalSection(ExtensibilityGlobals) = postSolution
		SolutionGuid = {CE3F52CF-9FFF-47DC-B531-C79B34F50567}
	EndGlobalSection
EndGlobal
